Microsoft Visual Studio Solution File, Format Version 12.00
# Visual Studio Version 17
VisualStudioVersion = 17.5.2.0
MinimumVisualStudioVersion = 10.0.40219.1
Project("{FAE04EC0-301F-11D3-BF4B-00C04F79EFBC}") = "chapter3", "PracticeCode\chapter3.csproj", "{910478B3-14BC-E190-7D93-70F8F700A9C2}"
EndProject
Global
	GlobalSection(SolutionConfigurationPlatforms) = preSolution
		Debug|Any CPU = Debug|Any CPU
		Release|Any CPU = Release|Any CPU
	EndGlobalSection
	GlobalSection(ProjectConfigurationPlatforms) = postSolution
		{910478B3-14BC-E190-7D93-70F8F700A9C2}.Debug|Any CPU.ActiveCfg = Debug|Any CPU
		{910478B3-14BC-E190-7D93-70F8F700A9C2}.Debug|Any CPU.Build.0 = Debug|Any CPU
		{910478B3-14BC-E190-7D93-70F8F700A9C2}.Release|Any CPU.ActiveCfg = Release|Any CPU
		{910478B3-14BC-E190-7D93-70F8F700A9C2}.Release|Any CPU.Build.0 = Release|Any CPU
	EndGlobalSection
	GlobalSection(SolutionProperties) = preSolution
		HideSolutionNode = FALSE
	EndGlobalSection
	GlobalSection(ExtensibilityGlobals) = postSolution
		SolutionGuid = {9203F628-2235-439B-B8A0-BEB2928C7AE0}
	EndGlobalSection
EndGlobal
